
Microsoft Visual Studio Solution File, Format Version 12.00
Project("{FAE04EC0-301F-11D3-BF4B-00C04F79EFBC}") = "Method_Extention", "Method_Extention\Method_Extention.csproj", "{121AEB19-5D7B-4745-AF73-F1D61880C32E}"
EndProject
Global
	GlobalSection(SolutionConfigurationPlatforms) = preSolution
		Debug|Any CPU = Debug|Any CPU
		Release|Any CPU = Release|Any CPU
	EndGlobalSection
	GlobalSection(ProjectConfigurationPlatforms) = postSolution
		{121AEB19-5D7B-4745-AF73-F1D61880C32E}.Debug|Any CPU.ActiveCfg = Debug|Any CPU
		{121AEB19-5D7B-4745-AF73-F1D61880C32E}.Debug|Any CPU.Build.0 = Debug|Any CPU
		{121AEB19-5D7B-4745-AF73-F1D61880C32E}.Release|Any CPU.ActiveCfg = Release|Any CPU
		{121AEB19-5D7B-4745-AF73-F1D61880C32E}.Release|Any CPU.Build.0 = Release|Any CPU
	EndGlobalSection
EndGlobal
