
Microsoft Visual Studio Solution File, Format Version 12.00
Project("{FAE04EC0-301F-11D3-BF4B-00C04F79EFBC}") = "Structures", "Structures\Structures.csproj", "{FEA9AADA-2005-4344-A31D-13751C8F2E05}"
EndProject
Project("{FAE04EC0-301F-11D3-BF4B-00C04F79EFBC}") = "Exceptions", "Exceptions\Exceptions.csproj", "{C14025CF-18F7-4DE6-A018-BC0C153731E4}"
EndProject
Project("{2150E333-8FDC-42A3-9474-1A3956D46DE8}") = "doc", "doc", "{1D428658-0CCD-477D-8F64-7AE2610FA1F1}"
EndProject
Project("{FAE04EC0-301F-11D3-BF4B-00C04F79EFBC}") = "Strings", "Strings\Strings.csproj", "{2FAA9942-3DDA-4B95-B230-01E214DFAF20}"
EndProject
Project("{FAE04EC0-301F-11D3-BF4B-00C04F79EFBC}") = "StackOverflow", "StackOverflow\StackOverflow.csproj", "{2D2DFE94-00DD-4F73-BF99-49F79462B2FE}"
EndProject
Project("{FAE04EC0-301F-11D3-BF4B-00C04F79EFBC}") = "PW01", "PW01\PW01.csproj", "{B8BD5705-D874-4E88-8A55-A11BC49100BC}"
EndProject
Project("{FAE04EC0-301F-11D3-BF4B-00C04F79EFBC}") = "Tupel", "Tupel\Tupel.csproj", "{921B6014-E2B9-4C6C-A19A-2F0C0037FA8A}"
EndProject
Project("{FAE04EC0-301F-11D3-BF4B-00C04F79EFBC}") = "Tupel02", "Tupel02\Tupel02.csproj", "{AD1C2AE0-9D00-4170-8E8F-3BA701A918D5}"
EndProject
Project("{FAE04EC0-301F-11D3-BF4B-00C04F79EFBC}") = "PW03", "PW03\PW03.csproj", "{35DBAB2B-D8C7-4CBD-A08C-EE4F1283F66B}"
EndProject
Project("{FAE04EC0-301F-11D3-BF4B-00C04F79EFBC}") = "SwitchStatement", "SwitchStatement\SwitchStatement.csproj", "{D2A8E015-DB8F-437C-BBD2-EE15E0525C24}"
EndProject
Project("{FAE04EC0-301F-11D3-BF4B-00C04F79EFBC}") = "FileScanner", "FileScanner\FileScanner.csproj", "{417437E8-4FF5-48A5-AA0E-A90CF2047C42}"
EndProject
Project("{FAE04EC0-301F-11D3-BF4B-00C04F79EFBC}") = "PW04-Sebastian", "PW04-Sebastian\PW04-Sebastian.csproj", "{74E8DF1E-E1A6-4E49-A063-13D637FE1A92}"
EndProject
Project("{FAE04EC0-301F-11D3-BF4B-00C04F79EFBC}") = "PW05-Sebastian", "PW05-Sebastian\PW05-Sebastian.csproj", "{D5711F03-9D06-4FB9-94FF-5B8D9C71D463}"
EndProject
Project("{FAE04EC0-301F-11D3-BF4B-00C04F79EFBC}") = "Password", "Password\Password.csproj", "{6FBCBDF4-5841-45DB-A6B8-8F058F322D07}"
EndProject
Project("{FAE04EC0-301F-11D3-BF4B-00C04F79EFBC}") = "PW06-Sebastian", "PW06-Sebastian\PW06-Sebastian.csproj", "{361DD643-96BE-4C0C-A8B8-716D82862FC4}"
EndProject
Project("{FAE04EC0-301F-11D3-BF4B-00C04F79EFBC}") = "Switch", "Switch\Switch.csproj", "{BE86B259-E992-4C0B-B9B8-9F101A5CABAB}"
EndProject
Project("{FAE04EC0-301F-11D3-BF4B-00C04F79EFBC}") = "Switch_", "Switch_\Switch_.csproj", "{D07E9086-5B3B-4DD8-8FCF-147614CB535B}"
EndProject
Project("{2150E333-8FDC-42A3-9474-1A3956D46DE8}") = "SolutionFolder1", "SolutionFolder1", "{E91DD2F1-5329-440A-800F-2752672F2E8F}"
EndProject
Project("{FAE04EC0-301F-11D3-BF4B-00C04F79EFBC}") = "ConsoleApp1", "ConsoleApp1\ConsoleApp1.csproj", "{F3D9744B-E6EF-48C9-BBEF-724ACE9B1C8A}"
EndProject
Global
	GlobalSection(SolutionConfigurationPlatforms) = preSolution
		Debug|Any CPU = Debug|Any CPU
		Release|Any CPU = Release|Any CPU
	EndGlobalSection
	GlobalSection(ProjectConfigurationPlatforms) = postSolution
		{FEA9AADA-2005-4344-A31D-13751C8F2E05}.Debug|Any CPU.ActiveCfg = Debug|Any CPU
		{FEA9AADA-2005-4344-A31D-13751C8F2E05}.Debug|Any CPU.Build.0 = Debug|Any CPU
		{FEA9AADA-2005-4344-A31D-13751C8F2E05}.Release|Any CPU.ActiveCfg = Release|Any CPU
		{FEA9AADA-2005-4344-A31D-13751C8F2E05}.Release|Any CPU.Build.0 = Release|Any CPU
		{C14025CF-18F7-4DE6-A018-BC0C153731E4}.Debug|Any CPU.ActiveCfg = Debug|Any CPU
		{C14025CF-18F7-4DE6-A018-BC0C153731E4}.Debug|Any CPU.Build.0 = Debug|Any CPU
		{C14025CF-18F7-4DE6-A018-BC0C153731E4}.Release|Any CPU.ActiveCfg = Release|Any CPU
		{C14025CF-18F7-4DE6-A018-BC0C153731E4}.Release|Any CPU.Build.0 = Release|Any CPU
		{2FAA9942-3DDA-4B95-B230-01E214DFAF20}.Debug|Any CPU.ActiveCfg = Debug|Any CPU
		{2FAA9942-3DDA-4B95-B230-01E214DFAF20}.Debug|Any CPU.Build.0 = Debug|Any CPU
		{2FAA9942-3DDA-4B95-B230-01E214DFAF20}.Release|Any CPU.ActiveCfg = Release|Any CPU
		{2FAA9942-3DDA-4B95-B230-01E214DFAF20}.Release|Any CPU.Build.0 = Release|Any CPU
		{2D2DFE94-00DD-4F73-BF99-49F79462B2FE}.Debug|Any CPU.ActiveCfg = Debug|Any CPU
		{2D2DFE94-00DD-4F73-BF99-49F79462B2FE}.Debug|Any CPU.Build.0 = Debug|Any CPU
		{2D2DFE94-00DD-4F73-BF99-49F79462B2FE}.Release|Any CPU.ActiveCfg = Release|Any CPU
		{2D2DFE94-00DD-4F73-BF99-49F79462B2FE}.Release|Any CPU.Build.0 = Release|Any CPU
		{B8BD5705-D874-4E88-8A55-A11BC49100BC}.Debug|Any CPU.ActiveCfg = Debug|Any CPU
		{B8BD5705-D874-4E88-8A55-A11BC49100BC}.Debug|Any CPU.Build.0 = Debug|Any CPU
		{B8BD5705-D874-4E88-8A55-A11BC49100BC}.Release|Any CPU.ActiveCfg = Release|Any CPU
		{B8BD5705-D874-4E88-8A55-A11BC49100BC}.Release|Any CPU.Build.0 = Release|Any CPU
		{921B6014-E2B9-4C6C-A19A-2F0C0037FA8A}.Debug|Any CPU.ActiveCfg = Debug|Any CPU
		{921B6014-E2B9-4C6C-A19A-2F0C0037FA8A}.Debug|Any CPU.Build.0 = Debug|Any CPU
		{921B6014-E2B9-4C6C-A19A-2F0C0037FA8A}.Release|Any CPU.ActiveCfg = Release|Any CPU
		{921B6014-E2B9-4C6C-A19A-2F0C0037FA8A}.Release|Any CPU.Build.0 = Release|Any CPU
		{AD1C2AE0-9D00-4170-8E8F-3BA701A918D5}.Debug|Any CPU.ActiveCfg = Debug|Any CPU
		{AD1C2AE0-9D00-4170-8E8F-3BA701A918D5}.Debug|Any CPU.Build.0 = Debug|Any CPU
		{AD1C2AE0-9D00-4170-8E8F-3BA701A918D5}.Release|Any CPU.ActiveCfg = Release|Any CPU
		{AD1C2AE0-9D00-4170-8E8F-3BA701A918D5}.Release|Any CPU.Build.0 = Release|Any CPU
		{35DBAB2B-D8C7-4CBD-A08C-EE4F1283F66B}.Debug|Any CPU.ActiveCfg = Debug|Any CPU
		{35DBAB2B-D8C7-4CBD-A08C-EE4F1283F66B}.Debug|Any CPU.Build.0 = Debug|Any CPU
		{35DBAB2B-D8C7-4CBD-A08C-EE4F1283F66B}.Release|Any CPU.ActiveCfg = Release|Any CPU
		{35DBAB2B-D8C7-4CBD-A08C-EE4F1283F66B}.Release|Any CPU.Build.0 = Release|Any CPU
		{D2A8E015-DB8F-437C-BBD2-EE15E0525C24}.Debug|Any CPU.ActiveCfg = Debug|Any CPU
		{D2A8E015-DB8F-437C-BBD2-EE15E0525C24}.Debug|Any CPU.Build.0 = Debug|Any CPU
		{D2A8E015-DB8F-437C-BBD2-EE15E0525C24}.Release|Any CPU.ActiveCfg = Release|Any CPU
		{D2A8E015-DB8F-437C-BBD2-EE15E0525C24}.Release|Any CPU.Build.0 = Release|Any CPU
		{417437E8-4FF5-48A5-AA0E-A90CF2047C42}.Debug|Any CPU.ActiveCfg = Debug|Any CPU
		{417437E8-4FF5-48A5-AA0E-A90CF2047C42}.Debug|Any CPU.Build.0 = Debug|Any CPU
		{417437E8-4FF5-48A5-AA0E-A90CF2047C42}.Release|Any CPU.ActiveCfg = Release|Any CPU
		{417437E8-4FF5-48A5-AA0E-A90CF2047C42}.Release|Any CPU.Build.0 = Release|Any CPU
		{74E8DF1E-E1A6-4E49-A063-13D637FE1A92}.Debug|Any CPU.ActiveCfg = Debug|Any CPU
		{74E8DF1E-E1A6-4E49-A063-13D637FE1A92}.Debug|Any CPU.Build.0 = Debug|Any CPU
		{74E8DF1E-E1A6-4E49-A063-13D637FE1A92}.Release|Any CPU.ActiveCfg = Release|Any CPU
		{74E8DF1E-E1A6-4E49-A063-13D637FE1A92}.Release|Any CPU.Build.0 = Release|Any CPU
		{D5711F03-9D06-4FB9-94FF-5B8D9C71D463}.Debug|Any CPU.ActiveCfg = Debug|Any CPU
		{D5711F03-9D06-4FB9-94FF-5B8D9C71D463}.Debug|Any CPU.Build.0 = Debug|Any CPU
		{D5711F03-9D06-4FB9-94FF-5B8D9C71D463}.Release|Any CPU.ActiveCfg = Release|Any CPU
		{D5711F03-9D06-4FB9-94FF-5B8D9C71D463}.Release|Any CPU.Build.0 = Release|Any CPU
		{6FBCBDF4-5841-45DB-A6B8-8F058F322D07}.Debug|Any CPU.ActiveCfg = Debug|Any CPU
		{6FBCBDF4-5841-45DB-A6B8-8F058F322D07}.Debug|Any CPU.Build.0 = Debug|Any CPU
		{6FBCBDF4-5841-45DB-A6B8-8F058F322D07}.Release|Any CPU.ActiveCfg = Release|Any CPU
		{6FBCBDF4-5841-45DB-A6B8-8F058F322D07}.Release|Any CPU.Build.0 = Release|Any CPU
		{361DD643-96BE-4C0C-A8B8-716D82862FC4}.Debug|Any CPU.ActiveCfg = Debug|Any CPU
		{361DD643-96BE-4C0C-A8B8-716D82862FC4}.Debug|Any CPU.Build.0 = Debug|Any CPU
		{361DD643-96BE-4C0C-A8B8-716D82862FC4}.Release|Any CPU.ActiveCfg = Release|Any CPU
		{361DD643-96BE-4C0C-A8B8-716D82862FC4}.Release|Any CPU.Build.0 = Release|Any CPU
		{BE86B259-E992-4C0B-B9B8-9F101A5CABAB}.Debug|Any CPU.ActiveCfg = Debug|Any CPU
		{BE86B259-E992-4C0B-B9B8-9F101A5CABAB}.Debug|Any CPU.Build.0 = Debug|Any CPU
		{BE86B259-E992-4C0B-B9B8-9F101A5CABAB}.Release|Any CPU.ActiveCfg = Release|Any CPU
		{BE86B259-E992-4C0B-B9B8-9F101A5CABAB}.Release|Any CPU.Build.0 = Release|Any CPU
		{D07E9086-5B3B-4DD8-8FCF-147614CB535B}.Debug|Any CPU.ActiveCfg = Debug|Any CPU
		{D07E9086-5B3B-4DD8-8FCF-147614CB535B}.Debug|Any CPU.Build.0 = Debug|Any CPU
		{D07E9086-5B3B-4DD8-8FCF-147614CB535B}.Release|Any CPU.ActiveCfg = Release|Any CPU
		{D07E9086-5B3B-4DD8-8FCF-147614CB535B}.Release|Any CPU.Build.0 = Release|Any CPU
		{F3D9744B-E6EF-48C9-BBEF-724ACE9B1C8A}.Debug|Any CPU.ActiveCfg = Debug|Any CPU
		{F3D9744B-E6EF-48C9-BBEF-724ACE9B1C8A}.Debug|Any CPU.Build.0 = Debug|Any CPU
		{F3D9744B-E6EF-48C9-BBEF-724ACE9B1C8A}.Release|Any CPU.ActiveCfg = Release|Any CPU
		{F3D9744B-E6EF-48C9-BBEF-724ACE9B1C8A}.Release|Any CPU.Build.0 = Release|Any CPU
	EndGlobalSection
EndGlobal
