
Microsoft Visual Studio Solution File, Format Version 12.00
Project("{FAE04EC0-301F-11D3-BF4B-00C04F79EFBC}") = "OOP_Delegates", "OOP_Delegates\OOP_Delegates.csproj", "{15B44639-32E8-41E7-A7B2-681ABF310820}"
EndProject
Global
	GlobalSection(SolutionConfigurationPlatforms) = preSolution
		Debug|Any CPU = Debug|Any CPU
		Release|Any CPU = Release|Any CPU
	EndGlobalSection
	GlobalSection(ProjectConfigurationPlatforms) = postSolution
		{15B44639-32E8-41E7-A7B2-681ABF310820}.Debug|Any CPU.ActiveCfg = Debug|Any CPU
		{15B44639-32E8-41E7-A7B2-681ABF310820}.Debug|Any CPU.Build.0 = Debug|Any CPU
		{15B44639-32E8-41E7-A7B2-681ABF310820}.Release|Any CPU.ActiveCfg = Release|Any CPU
		{15B44639-32E8-41E7-A7B2-681ABF310820}.Release|Any CPU.Build.0 = Release|Any CPU
	EndGlobalSection
EndGlobal
