
Microsoft Visual Studio Solution File, Format Version 12.00
Project("{FAE04EC0-301F-11D3-BF4B-00C04F79EFBC}") = "Events_DotNET", "Events_DotNET\Events_DotNET.csproj", "{AD50D8EB-BB1A-4C48-91F6-9303BE1E542C}"
EndProject
Project("{FAE04EC0-301F-11D3-BF4B-00C04F79EFBC}") = "Events", "Events\Events.csproj", "{101CD81C-8263-4C64-BAFD-41C96BDF589F}"
EndProject
Global
	GlobalSection(SolutionConfigurationPlatforms) = preSolution
		Debug|Any CPU = Debug|Any CPU
		Release|Any CPU = Release|Any CPU
	EndGlobalSection
	GlobalSection(ProjectConfigurationPlatforms) = postSolution
		{AD50D8EB-BB1A-4C48-91F6-9303BE1E542C}.Debug|Any CPU.ActiveCfg = Debug|Any CPU
		{AD50D8EB-BB1A-4C48-91F6-9303BE1E542C}.Debug|Any CPU.Build.0 = Debug|Any CPU
		{AD50D8EB-BB1A-4C48-91F6-9303BE1E542C}.Release|Any CPU.ActiveCfg = Release|Any CPU
		{AD50D8EB-BB1A-4C48-91F6-9303BE1E542C}.Release|Any CPU.Build.0 = Release|Any CPU
		{101CD81C-8263-4C64-BAFD-41C96BDF589F}.Debug|Any CPU.ActiveCfg = Debug|Any CPU
		{101CD81C-8263-4C64-BAFD-41C96BDF589F}.Debug|Any CPU.Build.0 = Debug|Any CPU
		{101CD81C-8263-4C64-BAFD-41C96BDF589F}.Release|Any CPU.ActiveCfg = Release|Any CPU
		{101CD81C-8263-4C64-BAFD-41C96BDF589F}.Release|Any CPU.Build.0 = Release|Any CPU
	EndGlobalSection
EndGlobal
