
Microsoft Visual Studio Solution File, Format Version 12.00
Project("{FAE04EC0-301F-11D3-BF4B-00C04F79EFBC}") = "OOP_Interfaces_V02", "OOP_Interfaces_V02\OOP_Interfaces_V02.csproj", "{A9D0BE53-8593-4B26-82B0-2EA82860F76A}"
EndProject
Global
	GlobalSection(SolutionConfigurationPlatforms) = preSolution
		Debug|Any CPU = Debug|Any CPU
		Release|Any CPU = Release|Any CPU
	EndGlobalSection
	GlobalSection(ProjectConfigurationPlatforms) = postSolution
		{A9D0BE53-8593-4B26-82B0-2EA82860F76A}.Debug|Any CPU.ActiveCfg = Debug|Any CPU
		{A9D0BE53-8593-4B26-82B0-2EA82860F76A}.Debug|Any CPU.Build.0 = Debug|Any CPU
		{A9D0BE53-8593-4B26-82B0-2EA82860F76A}.Release|Any CPU.ActiveCfg = Release|Any CPU
		{A9D0BE53-8593-4B26-82B0-2EA82860F76A}.Release|Any CPU.Build.0 = Release|Any CPU
	EndGlobalSection
EndGlobal
