
Microsoft Visual Studio Solution File, Format Version 12.00
Project("{FAE04EC0-301F-11D3-BF4B-00C04F79EFBC}") = "Lampen", "Lampen\Lampen.csproj", "{2FA88D48-2211-48D0-92E3-70B12FBC99C5}"
EndProject
Global
	GlobalSection(SolutionConfigurationPlatforms) = preSolution
		Debug|Any CPU = Debug|Any CPU
		Release|Any CPU = Release|Any CPU
	EndGlobalSection
	GlobalSection(ProjectConfigurationPlatforms) = postSolution
		{2FA88D48-2211-48D0-92E3-70B12FBC99C5}.Debug|Any CPU.ActiveCfg = Debug|Any CPU
		{2FA88D48-2211-48D0-92E3-70B12FBC99C5}.Debug|Any CPU.Build.0 = Debug|Any CPU
		{2FA88D48-2211-48D0-92E3-70B12FBC99C5}.Release|Any CPU.ActiveCfg = Release|Any CPU
		{2FA88D48-2211-48D0-92E3-70B12FBC99C5}.Release|Any CPU.Build.0 = Release|Any CPU
	EndGlobalSection
EndGlobal
