
Microsoft Visual Studio Solution File, Format Version 12.00
Project("{FAE04EC0-301F-11D3-BF4B-00C04F79EFBC}") = "FeuchtigkeitsSensor", "FeuchtigkeitsSensor\FeuchtigkeitsSensor.csproj", "{1263BCAB-F46D-4F69-A9CC-07FE44357661}"
EndProject
Global
	GlobalSection(SolutionConfigurationPlatforms) = preSolution
		Debug|Any CPU = Debug|Any CPU
		Release|Any CPU = Release|Any CPU
	EndGlobalSection
	GlobalSection(ProjectConfigurationPlatforms) = postSolution
		{1263BCAB-F46D-4F69-A9CC-07FE44357661}.Debug|Any CPU.ActiveCfg = Debug|Any CPU
		{1263BCAB-F46D-4F69-A9CC-07FE44357661}.Debug|Any CPU.Build.0 = Debug|Any CPU
		{1263BCAB-F46D-4F69-A9CC-07FE44357661}.Release|Any CPU.ActiveCfg = Release|Any CPU
		{1263BCAB-F46D-4F69-A9CC-07FE44357661}.Release|Any CPU.Build.0 = Release|Any CPU
	EndGlobalSection
EndGlobal
