
Microsoft Visual Studio Solution File, Format Version 12.00
# Visual Studio Version 17
VisualStudioVersion = 17.9.34728.123
MinimumVisualStudioVersion = 10.0.40219.1
Project("{FAE04EC0-301F-11D3-BF4B-00C04F79EFBC}") = "ValueTypes", "ValueTypes\ValueTypes.csproj", "{2298AB2C-A144-4781-94A6-ABED849C542C}"
EndProject
Project("{FAE04EC0-301F-11D3-BF4B-00C04F79EFBC}") = "FormattedOutput", "FormattedOutput\FormattedOutput.csproj", "{C4B266A7-36A6-40A6-A17F-5BD299A4CC42}"
EndProject
Global
	GlobalSection(SolutionConfigurationPlatforms) = preSolution
		Debug|Any CPU = Debug|Any CPU
		Release|Any CPU = Release|Any CPU
	EndGlobalSection
	GlobalSection(ProjectConfigurationPlatforms) = postSolution
		{2298AB2C-A144-4781-94A6-ABED849C542C}.Debug|Any CPU.ActiveCfg = Debug|Any CPU
		{2298AB2C-A144-4781-94A6-ABED849C542C}.Debug|Any CPU.Build.0 = Debug|Any CPU
		{2298AB2C-A144-4781-94A6-ABED849C542C}.Release|Any CPU.ActiveCfg = Release|Any CPU
		{2298AB2C-A144-4781-94A6-ABED849C542C}.Release|Any CPU.Build.0 = Release|Any CPU
		{C4B266A7-36A6-40A6-A17F-5BD299A4CC42}.Debug|Any CPU.ActiveCfg = Debug|Any CPU
		{C4B266A7-36A6-40A6-A17F-5BD299A4CC42}.Debug|Any CPU.Build.0 = Debug|Any CPU
		{C4B266A7-36A6-40A6-A17F-5BD299A4CC42}.Release|Any CPU.ActiveCfg = Release|Any CPU
		{C4B266A7-36A6-40A6-A17F-5BD299A4CC42}.Release|Any CPU.Build.0 = Release|Any CPU
	EndGlobalSection
	GlobalSection(SolutionProperties) = preSolution
		HideSolutionNode = FALSE
	EndGlobalSection
	GlobalSection(ExtensibilityGlobals) = postSolution
		SolutionGuid = {B8F519E7-8F60-46AD-BA6B-8ADBACFBEEAC}
	EndGlobalSection
EndGlobal
